
Microsoft Visual Studio Solution File, Format Version 12.00
# Visual Studio 2013
VisualStudioVersion = 12.0.21005.1
MinimumVisualStudioVersion = 10.0.40219.1
Project("{FAE04EC0-301F-11D3-BF4B-00C04F79EFBC}") = "PersianTools", "PersianTools\PersianTools.csproj", "{2C38ACDF-1249-4C28-9C10-96850A9A61F3}"
EndProject
Project("{FAE04EC0-301F-11D3-BF4B-00C04F79EFBC}") = "Demo", "Demo\Demo.csproj", "{C5EAD1DF-7748-437E-8D37-7E2FBA69CDB1}"
EndProject
Global
	GlobalSection(SolutionConfigurationPlatforms) = preSolution
		Debug|Any CPU = Debug|Any CPU
		Release|Any CPU = Release|Any CPU
	EndGlobalSection
	GlobalSection(ProjectConfigurationPlatforms) = postSolution
		{2C38ACDF-1249-4C28-9C10-96850A9A61F3}.Debug|Any CPU.ActiveCfg = Debug|Any CPU
		{2C38ACDF-1249-4C28-9C10-96850A9A61F3}.Debug|Any CPU.Build.0 = Debug|Any CPU
		{2C38ACDF-1249-4C28-9C10-96850A9A61F3}.Release|Any CPU.ActiveCfg = Release|Any CPU
		{2C38ACDF-1249-4C28-9C10-96850A9A61F3}.Release|Any CPU.Build.0 = Release|Any CPU
		{C5EAD1DF-7748-437E-8D37-7E2FBA69CDB1}.Debug|Any CPU.ActiveCfg = Debug|Any CPU
		{C5EAD1DF-7748-437E-8D37-7E2FBA69CDB1}.Debug|Any CPU.Build.0 = Debug|Any CPU
		{C5EAD1DF-7748-437E-8D37-7E2FBA69CDB1}.Release|Any CPU.ActiveCfg = Release|Any CPU
		{C5EAD1DF-7748-437E-8D37-7E2FBA69CDB1}.Release|Any CPU.Build.0 = Release|Any CPU
	EndGlobalSection
	GlobalSection(SolutionProperties) = preSolution
		HideSolutionNode = FALSE
	EndGlobalSection
EndGlobal
